
Microsoft Visual Studio Solution File, Format Version 12.00
# Visual Studio Version 17
VisualStudioVersion = 17.3.32901.215
MinimumVisualStudioVersion = 10.0.40219.1
Project("{FAE04EC0-301F-11D3-BF4B-00C04F79EFBC}") = "ClassLibraryGenTree", "ClassLibraryGenTree\ClassLibraryGenTree.csproj", "{2B63F72B-71A7-409B-B75C-5E119AAA2FA6}"
EndProject
Project("{FAE04EC0-301F-11D3-BF4B-00C04F79EFBC}") = "ClassLibraryGenTreeTests", "ClassLibraryGenTreeTests\ClassLibraryGenTreeTests.csproj", "{0EE3450F-7B5C-4F41-A65B-82FCCBC4C388}"
EndProject
Project("{FAE04EC0-301F-11D3-BF4B-00C04F79EFBC}") = "DBLib", "Data\DBLib.csproj", "{D1E88887-C0B8-4E41-945B-7200F81EF023}"
EndProject
Project("{FAE04EC0-301F-11D3-BF4B-00C04F79EFBC}") = "DBLibTests", "DBLibTests\DBLibTests.csproj", "{7C115C9B-B077-4339-9FE2-7328AFED303E}"
EndProject
Project("{FAE04EC0-301F-11D3-BF4B-00C04F79EFBC}") = "www", "www\www.csproj", "{0599F6B0-9007-4EC9-AEA2-C8543313306D}"
EndProject
Global
	GlobalSection(SolutionConfigurationPlatforms) = preSolution
		Debug|Any CPU = Debug|Any CPU
		Release|Any CPU = Release|Any CPU
	EndGlobalSection
	GlobalSection(ProjectConfigurationPlatforms) = postSolution
		{2B63F72B-71A7-409B-B75C-5E119AAA2FA6}.Debug|Any CPU.ActiveCfg = Debug|Any CPU
		{2B63F72B-71A7-409B-B75C-5E119AAA2FA6}.Debug|Any CPU.Build.0 = Debug|Any CPU
		{2B63F72B-71A7-409B-B75C-5E119AAA2FA6}.Release|Any CPU.ActiveCfg = Release|Any CPU
		{2B63F72B-71A7-409B-B75C-5E119AAA2FA6}.Release|Any CPU.Build.0 = Release|Any CPU
		{0EE3450F-7B5C-4F41-A65B-82FCCBC4C388}.Debug|Any CPU.ActiveCfg = Debug|Any CPU
		{0EE3450F-7B5C-4F41-A65B-82FCCBC4C388}.Debug|Any CPU.Build.0 = Debug|Any CPU
		{0EE3450F-7B5C-4F41-A65B-82FCCBC4C388}.Release|Any CPU.ActiveCfg = Release|Any CPU
		{0EE3450F-7B5C-4F41-A65B-82FCCBC4C388}.Release|Any CPU.Build.0 = Release|Any CPU
		{D1E88887-C0B8-4E41-945B-7200F81EF023}.Debug|Any CPU.ActiveCfg = Debug|Any CPU
		{D1E88887-C0B8-4E41-945B-7200F81EF023}.Debug|Any CPU.Build.0 = Debug|Any CPU
		{D1E88887-C0B8-4E41-945B-7200F81EF023}.Release|Any CPU.ActiveCfg = Release|Any CPU
		{D1E88887-C0B8-4E41-945B-7200F81EF023}.Release|Any CPU.Build.0 = Release|Any CPU
		{7C115C9B-B077-4339-9FE2-7328AFED303E}.Debug|Any CPU.ActiveCfg = Debug|Any CPU
		{7C115C9B-B077-4339-9FE2-7328AFED303E}.Debug|Any CPU.Build.0 = Debug|Any CPU
		{7C115C9B-B077-4339-9FE2-7328AFED303E}.Release|Any CPU.ActiveCfg = Release|Any CPU
		{7C115C9B-B077-4339-9FE2-7328AFED303E}.Release|Any CPU.Build.0 = Release|Any CPU
		{0599F6B0-9007-4EC9-AEA2-C8543313306D}.Debug|Any CPU.ActiveCfg = Debug|Any CPU
		{0599F6B0-9007-4EC9-AEA2-C8543313306D}.Debug|Any CPU.Build.0 = Debug|Any CPU
		{0599F6B0-9007-4EC9-AEA2-C8543313306D}.Release|Any CPU.ActiveCfg = Release|Any CPU
		{0599F6B0-9007-4EC9-AEA2-C8543313306D}.Release|Any CPU.Build.0 = Release|Any CPU
	EndGlobalSection
	GlobalSection(SolutionProperties) = preSolution
		HideSolutionNode = FALSE
	EndGlobalSection
	GlobalSection(ExtensibilityGlobals) = postSolution
		SolutionGuid = {845A4F56-043A-4BF6-AB34-C6743888AA4B}
	EndGlobalSection
EndGlobal
